
Microsoft Visual Studio Solution File, Format Version 12.00
# Visual Studio Version 16
VisualStudioVersion = 16.0.30002.166
MinimumVisualStudioVersion = 10.0.40219.1
Project("{151D2E53-A2C4-4D7D-83FE-D05416EBD58E}") = "ScaleSet", "ScaleSet\ScaleSet.deployproj", "{5D26F3B0-722A-460F-9434-EC728F13B090}"
EndProject
Global
	GlobalSection(SolutionConfigurationPlatforms) = preSolution
		Debug|Any CPU = Debug|Any CPU
		Release|Any CPU = Release|Any CPU
	EndGlobalSection
	GlobalSection(ProjectConfigurationPlatforms) = postSolution
		{5D26F3B0-722A-460F-9434-EC728F13B090}.Debug|Any CPU.ActiveCfg = Debug|Any CPU
		{5D26F3B0-722A-460F-9434-EC728F13B090}.Debug|Any CPU.Build.0 = Debug|Any CPU
		{5D26F3B0-722A-460F-9434-EC728F13B090}.Release|Any CPU.ActiveCfg = Release|Any CPU
		{5D26F3B0-722A-460F-9434-EC728F13B090}.Release|Any CPU.Build.0 = Release|Any CPU
	EndGlobalSection
	GlobalSection(SolutionProperties) = preSolution
		HideSolutionNode = FALSE
	EndGlobalSection
	GlobalSection(ExtensibilityGlobals) = postSolution
		SolutionGuid = {684AF267-DBC5-4CC8-A10C-0F513E209069}
	EndGlobalSection
EndGlobal
